
Microsoft Visual Studio Solution File, Format Version 12.00
# Visual Studio Version 16
VisualStudioVersion = 16.0.30523.141
MinimumVisualStudioVersion = 10.0.40219.1
Project("{9A19103F-16F7-4668-BE54-9A1E7A4F7556}") = "n01-hello", "n01-hello\n01-hello.csproj", "{6F12A54D-BC94-41C3-9088-4B984257E65E}"
EndProject
Project("{FAE04EC0-301F-11D3-BF4B-00C04F79EFBC}") = "n02-hello", "n02-hello\n02-hello.csproj", "{4CE52AB5-2167-4B6B-A2D4-2A439B336080}"
EndProject
Project("{9A19103F-16F7-4668-BE54-9A1E7A4F7556}") = "n03-następna", "n03-następna\n03-następna.csproj", "{43796C94-1A5D-48F2-9EBB-069618894616}"
EndProject
Project("{9A19103F-16F7-4668-BE54-9A1E7A4F7556}") = "n04-obliczanie-sredniej", "n04-obliczanie-sredniej\n04-obliczanie-sredniej.csproj", "{68B9A854-0ADD-4D8B-A18B-505255959426}"
EndProject
Project("{9A19103F-16F7-4668-BE54-9A1E7A4F7556}") = "n05-gwiazdki", "n05-gwiazdki\n05-gwiazdki.csproj", "{6BB4F654-44F4-48F9-AE28-4E78A0FB68CD}"
EndProject
Project("{9A19103F-16F7-4668-BE54-9A1E7A4F7556}") = "n06-mag-tablice", "n06-mag-tablice\n06-mag-tablice.csproj", "{98EA61F3-1EF9-495E-8E08-1F864D468A8F}"
EndProject
Project("{9A19103F-16F7-4668-BE54-9A1E7A4F7556}") = "n07-petlawpetli", "n07-petlawpetli\n07-petlawpetli.csproj", "{5083647D-0DBB-447F-BD1F-F1959D96CFB6}"
EndProject
Project("{9A19103F-16F7-4668-BE54-9A1E7A4F7556}") = "n08-mag-obiekty", "n08-mag-obiekty\n08-mag-obiekty.csproj", "{27EB583D-E619-4099-9FB6-9C0B3202FE40}"
EndProject
Project("{FAE04EC0-301F-11D3-BF4B-00C04F79EFBC}") = "n09-mag-gui", "n09-mag-gui\n09-mag-gui.csproj", "{2B4EBE30-68F9-4F9B-BD8B-9D298C99257B}"
EndProject
Global
	GlobalSection(SolutionConfigurationPlatforms) = preSolution
		Debug|Any CPU = Debug|Any CPU
		Release|Any CPU = Release|Any CPU
	EndGlobalSection
	GlobalSection(ProjectConfigurationPlatforms) = postSolution
		{6F12A54D-BC94-41C3-9088-4B984257E65E}.Debug|Any CPU.ActiveCfg = Debug|Any CPU
		{6F12A54D-BC94-41C3-9088-4B984257E65E}.Debug|Any CPU.Build.0 = Debug|Any CPU
		{6F12A54D-BC94-41C3-9088-4B984257E65E}.Release|Any CPU.ActiveCfg = Release|Any CPU
		{6F12A54D-BC94-41C3-9088-4B984257E65E}.Release|Any CPU.Build.0 = Release|Any CPU
		{4CE52AB5-2167-4B6B-A2D4-2A439B336080}.Debug|Any CPU.ActiveCfg = Debug|Any CPU
		{4CE52AB5-2167-4B6B-A2D4-2A439B336080}.Debug|Any CPU.Build.0 = Debug|Any CPU
		{4CE52AB5-2167-4B6B-A2D4-2A439B336080}.Release|Any CPU.ActiveCfg = Release|Any CPU
		{4CE52AB5-2167-4B6B-A2D4-2A439B336080}.Release|Any CPU.Build.0 = Release|Any CPU
		{43796C94-1A5D-48F2-9EBB-069618894616}.Debug|Any CPU.ActiveCfg = Debug|Any CPU
		{43796C94-1A5D-48F2-9EBB-069618894616}.Debug|Any CPU.Build.0 = Debug|Any CPU
		{43796C94-1A5D-48F2-9EBB-069618894616}.Release|Any CPU.ActiveCfg = Release|Any CPU
		{43796C94-1A5D-48F2-9EBB-069618894616}.Release|Any CPU.Build.0 = Release|Any CPU
		{68B9A854-0ADD-4D8B-A18B-505255959426}.Debug|Any CPU.ActiveCfg = Debug|Any CPU
		{68B9A854-0ADD-4D8B-A18B-505255959426}.Debug|Any CPU.Build.0 = Debug|Any CPU
		{68B9A854-0ADD-4D8B-A18B-505255959426}.Release|Any CPU.ActiveCfg = Release|Any CPU
		{68B9A854-0ADD-4D8B-A18B-505255959426}.Release|Any CPU.Build.0 = Release|Any CPU
		{6BB4F654-44F4-48F9-AE28-4E78A0FB68CD}.Debug|Any CPU.ActiveCfg = Debug|Any CPU
		{6BB4F654-44F4-48F9-AE28-4E78A0FB68CD}.Debug|Any CPU.Build.0 = Debug|Any CPU
		{6BB4F654-44F4-48F9-AE28-4E78A0FB68CD}.Release|Any CPU.ActiveCfg = Release|Any CPU
		{6BB4F654-44F4-48F9-AE28-4E78A0FB68CD}.Release|Any CPU.Build.0 = Release|Any CPU
		{98EA61F3-1EF9-495E-8E08-1F864D468A8F}.Debug|Any CPU.ActiveCfg = Debug|Any CPU
		{98EA61F3-1EF9-495E-8E08-1F864D468A8F}.Debug|Any CPU.Build.0 = Debug|Any CPU
		{98EA61F3-1EF9-495E-8E08-1F864D468A8F}.Release|Any CPU.ActiveCfg = Release|Any CPU
		{98EA61F3-1EF9-495E-8E08-1F864D468A8F}.Release|Any CPU.Build.0 = Release|Any CPU
		{5083647D-0DBB-447F-BD1F-F1959D96CFB6}.Debug|Any CPU.ActiveCfg = Debug|Any CPU
		{5083647D-0DBB-447F-BD1F-F1959D96CFB6}.Debug|Any CPU.Build.0 = Debug|Any CPU
		{5083647D-0DBB-447F-BD1F-F1959D96CFB6}.Release|Any CPU.ActiveCfg = Release|Any CPU
		{5083647D-0DBB-447F-BD1F-F1959D96CFB6}.Release|Any CPU.Build.0 = Release|Any CPU
		{27EB583D-E619-4099-9FB6-9C0B3202FE40}.Debug|Any CPU.ActiveCfg = Debug|Any CPU
		{27EB583D-E619-4099-9FB6-9C0B3202FE40}.Debug|Any CPU.Build.0 = Debug|Any CPU
		{27EB583D-E619-4099-9FB6-9C0B3202FE40}.Release|Any CPU.ActiveCfg = Release|Any CPU
		{27EB583D-E619-4099-9FB6-9C0B3202FE40}.Release|Any CPU.Build.0 = Release|Any CPU
		{2B4EBE30-68F9-4F9B-BD8B-9D298C99257B}.Debug|Any CPU.ActiveCfg = Debug|Any CPU
		{2B4EBE30-68F9-4F9B-BD8B-9D298C99257B}.Debug|Any CPU.Build.0 = Debug|Any CPU
		{2B4EBE30-68F9-4F9B-BD8B-9D298C99257B}.Release|Any CPU.ActiveCfg = Release|Any CPU
		{2B4EBE30-68F9-4F9B-BD8B-9D298C99257B}.Release|Any CPU.Build.0 = Release|Any CPU
	EndGlobalSection
	GlobalSection(SolutionProperties) = preSolution
		HideSolutionNode = FALSE
	EndGlobalSection
	GlobalSection(ExtensibilityGlobals) = postSolution
		SolutionGuid = {C93363CD-9D06-4C18-9B43-441EB5D17905}
	EndGlobalSection
EndGlobal
